
Microsoft Visual Studio Solution File, Format Version 12.00
# Visual Studio Version 16
VisualStudioVersion = 16.0.29209.62
MinimumVisualStudioVersion = 10.0.40219.1
Project("{8BC9CEB8-8B4A-11D0-8D11-00A0C91BC942}") = "DirectX 11 Tutorial", "DirectX 11 Tutorial\DirectX 11 Tutorial.vcxproj", "{29FD1853-4AA1-45DF-A47D-74A90D97B66D}"
EndProject
Project("{8BC9CEB8-8B4A-11D0-8D11-00A0C91BC942}") = "FBX Reader", "FBX Reader\FBX Reader.vcxproj", "{32C53BE3-3D04-45C9-89C5-86C19F939DF5}"
EndProject
Global
	GlobalSection(SolutionConfigurationPlatforms) = preSolution
		Debug|x64 = Debug|x64
		Debug|x86 = Debug|x86
		Release|x64 = Release|x64
		Release|x86 = Release|x86
	EndGlobalSection
	GlobalSection(ProjectConfigurationPlatforms) = postSolution
		{29FD1853-4AA1-45DF-A47D-74A90D97B66D}.Debug|x64.ActiveCfg = Debug|x64
		{29FD1853-4AA1-45DF-A47D-74A90D97B66D}.Debug|x64.Build.0 = Debug|x64
		{29FD1853-4AA1-45DF-A47D-74A90D97B66D}.Debug|x86.ActiveCfg = Debug|Win32
		{29FD1853-4AA1-45DF-A47D-74A90D97B66D}.Debug|x86.Build.0 = Debug|Win32
		{29FD1853-4AA1-45DF-A47D-74A90D97B66D}.Release|x64.ActiveCfg = Release|x64
		{29FD1853-4AA1-45DF-A47D-74A90D97B66D}.Release|x64.Build.0 = Release|x64
		{29FD1853-4AA1-45DF-A47D-74A90D97B66D}.Release|x86.ActiveCfg = Release|Win32
		{29FD1853-4AA1-45DF-A47D-74A90D97B66D}.Release|x86.Build.0 = Release|Win32
		{32C53BE3-3D04-45C9-89C5-86C19F939DF5}.Debug|x64.ActiveCfg = Debug|x64
		{32C53BE3-3D04-45C9-89C5-86C19F939DF5}.Debug|x64.Build.0 = Debug|x64
		{32C53BE3-3D04-45C9-89C5-86C19F939DF5}.Debug|x86.ActiveCfg = Debug|Win32
		{32C53BE3-3D04-45C9-89C5-86C19F939DF5}.Debug|x86.Build.0 = Debug|Win32
		{32C53BE3-3D04-45C9-89C5-86C19F939DF5}.Release|x64.ActiveCfg = Release|x64
		{32C53BE3-3D04-45C9-89C5-86C19F939DF5}.Release|x64.Build.0 = Release|x64
		{32C53BE3-3D04-45C9-89C5-86C19F939DF5}.Release|x86.ActiveCfg = Release|Win32
		{32C53BE3-3D04-45C9-89C5-86C19F939DF5}.Release|x86.Build.0 = Release|Win32
	EndGlobalSection
	GlobalSection(SolutionProperties) = preSolution
		HideSolutionNode = FALSE
	EndGlobalSection
	GlobalSection(ExtensibilityGlobals) = postSolution
		SolutionGuid = {99D2E0A6-3FBD-4716-99C8-52EFE90419D7}
	EndGlobalSection
EndGlobal
